
Microsoft Visual Studio Solution File, Format Version 12.00
# Visual Studio Version 17
VisualStudioVersion = 17.3.32825.248
MinimumVisualStudioVersion = 10.0.40219.1
Project("{FAE04EC0-301F-11D3-BF4B-00C04F79EFBC}") = "TerminalDoctorWeb", "TerminalDoctorWeb\TerminalDoctorWeb.csproj", "{843FC741-39DF-441C-8966-98B55057C147}"
EndProject
Global
	GlobalSection(SolutionConfigurationPlatforms) = preSolution
		Debug|Any CPU = Debug|Any CPU
		Release|Any CPU = Release|Any CPU
	EndGlobalSection
	GlobalSection(ProjectConfigurationPlatforms) = postSolution
		{843FC741-39DF-441C-8966-98B55057C147}.Debug|Any CPU.ActiveCfg = Debug|Any CPU
		{843FC741-39DF-441C-8966-98B55057C147}.Debug|Any CPU.Build.0 = Debug|Any CPU
		{843FC741-39DF-441C-8966-98B55057C147}.Release|Any CPU.ActiveCfg = Release|Any CPU
		{843FC741-39DF-441C-8966-98B55057C147}.Release|Any CPU.Build.0 = Release|Any CPU
	EndGlobalSection
	GlobalSection(SolutionProperties) = preSolution
		HideSolutionNode = FALSE
	EndGlobalSection
	GlobalSection(ExtensibilityGlobals) = postSolution
		SolutionGuid = {63CEB730-EDC9-4F9F-9089-EB9BAC557427}
	EndGlobalSection
EndGlobal
